
Microsoft Visual Studio Solution File, Format Version 12.00
# Visual Studio 2013
VisualStudioVersion = 12.0.30110.0
MinimumVisualStudioVersion = 10.0.40219.1
Project("{FAE04EC0-301F-11D3-BF4B-00C04F79EFBC}") = "SLTH", "TMB_HID\SLTH.csproj", "{BCAE54C9-7A8B-4FAA-A900-38839B8A1E21}"
EndProject
Project("{FAE04EC0-301F-11D3-BF4B-00C04F79EFBC}") = "HID", "HID\HID.csproj", "{54A05DC2-2190-4752-B725-9D3E013DABC3}"
EndProject
Global
	GlobalSection(SolutionConfigurationPlatforms) = preSolution
		CD_ROM|Any CPU = CD_ROM|Any CPU
		Debug|Any CPU = Debug|Any CPU
		DVD-5|Any CPU = DVD-5|Any CPU
		Release|Any CPU = Release|Any CPU
		SingleImage|Any CPU = SingleImage|Any CPU
	EndGlobalSection
	GlobalSection(ProjectConfigurationPlatforms) = postSolution
		{BCAE54C9-7A8B-4FAA-A900-38839B8A1E21}.CD_ROM|Any CPU.ActiveCfg = Release|Any CPU
		{BCAE54C9-7A8B-4FAA-A900-38839B8A1E21}.CD_ROM|Any CPU.Build.0 = Release|Any CPU
		{BCAE54C9-7A8B-4FAA-A900-38839B8A1E21}.Debug|Any CPU.ActiveCfg = Debug|Any CPU
		{BCAE54C9-7A8B-4FAA-A900-38839B8A1E21}.Debug|Any CPU.Build.0 = Debug|Any CPU
		{BCAE54C9-7A8B-4FAA-A900-38839B8A1E21}.DVD-5|Any CPU.ActiveCfg = Debug|Any CPU
		{BCAE54C9-7A8B-4FAA-A900-38839B8A1E21}.DVD-5|Any CPU.Build.0 = Debug|Any CPU
		{BCAE54C9-7A8B-4FAA-A900-38839B8A1E21}.Release|Any CPU.ActiveCfg = Release|Any CPU
		{BCAE54C9-7A8B-4FAA-A900-38839B8A1E21}.Release|Any CPU.Build.0 = Release|Any CPU
		{BCAE54C9-7A8B-4FAA-A900-38839B8A1E21}.SingleImage|Any CPU.ActiveCfg = Release|Any CPU
		{BCAE54C9-7A8B-4FAA-A900-38839B8A1E21}.SingleImage|Any CPU.Build.0 = Release|Any CPU
		{54A05DC2-2190-4752-B725-9D3E013DABC3}.CD_ROM|Any CPU.ActiveCfg = Release|Any CPU
		{54A05DC2-2190-4752-B725-9D3E013DABC3}.CD_ROM|Any CPU.Build.0 = Release|Any CPU
		{54A05DC2-2190-4752-B725-9D3E013DABC3}.Debug|Any CPU.ActiveCfg = Debug|Any CPU
		{54A05DC2-2190-4752-B725-9D3E013DABC3}.Debug|Any CPU.Build.0 = Debug|Any CPU
		{54A05DC2-2190-4752-B725-9D3E013DABC3}.DVD-5|Any CPU.ActiveCfg = Debug|Any CPU
		{54A05DC2-2190-4752-B725-9D3E013DABC3}.DVD-5|Any CPU.Build.0 = Debug|Any CPU
		{54A05DC2-2190-4752-B725-9D3E013DABC3}.Release|Any CPU.ActiveCfg = Release|Any CPU
		{54A05DC2-2190-4752-B725-9D3E013DABC3}.Release|Any CPU.Build.0 = Release|Any CPU
		{54A05DC2-2190-4752-B725-9D3E013DABC3}.SingleImage|Any CPU.ActiveCfg = Release|Any CPU
		{54A05DC2-2190-4752-B725-9D3E013DABC3}.SingleImage|Any CPU.Build.0 = Release|Any CPU
	EndGlobalSection
	GlobalSection(SolutionProperties) = preSolution
		HideSolutionNode = FALSE
	EndGlobalSection
EndGlobal
